
Microsoft Visual Studio Solution File, Format Version 12.00
# Visual Studio 15
VisualStudioVersion = 15.0.27130.2027
MinimumVisualStudioVersion = 10.0.40219.1
Project("{FAE04EC0-301F-11D3-BF4B-00C04F79EFBC}") = "ClownFish.HttpServer", "src\ClownFish.HttpServer\ClownFish.HttpServer.csproj", "{BF0F48F6-EAEE-46B9-8256-AFB55B441EEA}"
EndProject
Project("{FAE04EC0-301F-11D3-BF4B-00C04F79EFBC}") = "ClownFish.HttpServer.PerformanceTestConsoleApplication1", "test\ClownFish.HttpServer.PerformanceTestConsoleApplication1\ClownFish.HttpServer.PerformanceTestConsoleApplication1.csproj", "{67A1C46E-98A3-467B-82E2-7548DD921CF7}"
EndProject
Project("{2150E333-8FDC-42A3-9474-1A3956D46DE8}") = "src", "src", "{42C0A8EB-2A96-4273-9063-D637809B2F29}"
EndProject
Project("{2150E333-8FDC-42A3-9474-1A3956D46DE8}") = "test", "test", "{E8CFB859-800C-4D12-8122-E38E87B7EB56}"
EndProject
Project("{FAE04EC0-301F-11D3-BF4B-00C04F79EFBC}") = "ClownFish.HttpServer.DemoServices", "test\ClownFish.HttpServer.DemoServices\ClownFish.HttpServer.DemoServices.csproj", "{9E040AC4-1EEF-467B-899C-353532650452}"
EndProject
Project("{FAE04EC0-301F-11D3-BF4B-00C04F79EFBC}") = "ClownFish.HttpServer.WinHostTest", "test\ClownFish.HttpServer.WinHostTest\ClownFish.HttpServer.WinHostTest.csproj", "{CD7BEC8F-3A72-400A-977B-9BE9CA88872C}"
EndProject
Project("{FAE04EC0-301F-11D3-BF4B-00C04F79EFBC}") = "NetFwTypeLib", "src\NetFwTypeLib\NetFwTypeLib.csproj", "{2904C236-0058-4AC7-8399-F9FB62CC53A8}"
EndProject
Project("{FAE04EC0-301F-11D3-BF4B-00C04F79EFBC}") = "ClownFish.StaticFileServer.ConsoleApp", "src\ClownFish.StaticFileServer.ConsoleApp\ClownFish.StaticFileServer.ConsoleApp.csproj", "{D3122F95-0F1F-4C63-A303-C7FAB6D79338}"
EndProject
Project("{FAE04EC0-301F-11D3-BF4B-00C04F79EFBC}") = "ClownFish.StaticFileServer.WinApp", "src\ClownFish.StaticFileServer.WinApp\ClownFish.StaticFileServer.WinApp.csproj", "{335CF5A3-0902-4C51-BBC6-6EF63DADA63C}"
EndProject
Project("{FAE04EC0-301F-11D3-BF4B-00C04F79EFBC}") = "ClownFish.RequestLogConsole", "test\ClownFish.RequestLogConsole\ClownFish.RequestLogConsole.csproj", "{6BF7700C-BCA6-407E-9671-6B80738C8890}"
EndProject
Global
	GlobalSection(SolutionConfigurationPlatforms) = preSolution
		Debug|Any CPU = Debug|Any CPU
		Release|Any CPU = Release|Any CPU
	EndGlobalSection
	GlobalSection(ProjectConfigurationPlatforms) = postSolution
		{BF0F48F6-EAEE-46B9-8256-AFB55B441EEA}.Debug|Any CPU.ActiveCfg = Debug|Any CPU
		{BF0F48F6-EAEE-46B9-8256-AFB55B441EEA}.Debug|Any CPU.Build.0 = Debug|Any CPU
		{BF0F48F6-EAEE-46B9-8256-AFB55B441EEA}.Release|Any CPU.ActiveCfg = Release|Any CPU
		{BF0F48F6-EAEE-46B9-8256-AFB55B441EEA}.Release|Any CPU.Build.0 = Release|Any CPU
		{67A1C46E-98A3-467B-82E2-7548DD921CF7}.Debug|Any CPU.ActiveCfg = Debug|Any CPU
		{67A1C46E-98A3-467B-82E2-7548DD921CF7}.Debug|Any CPU.Build.0 = Debug|Any CPU
		{67A1C46E-98A3-467B-82E2-7548DD921CF7}.Release|Any CPU.ActiveCfg = Release|Any CPU
		{67A1C46E-98A3-467B-82E2-7548DD921CF7}.Release|Any CPU.Build.0 = Release|Any CPU
		{9E040AC4-1EEF-467B-899C-353532650452}.Debug|Any CPU.ActiveCfg = Debug|Any CPU
		{9E040AC4-1EEF-467B-899C-353532650452}.Debug|Any CPU.Build.0 = Debug|Any CPU
		{9E040AC4-1EEF-467B-899C-353532650452}.Release|Any CPU.ActiveCfg = Release|Any CPU
		{9E040AC4-1EEF-467B-899C-353532650452}.Release|Any CPU.Build.0 = Release|Any CPU
		{CD7BEC8F-3A72-400A-977B-9BE9CA88872C}.Debug|Any CPU.ActiveCfg = Debug|Any CPU
		{CD7BEC8F-3A72-400A-977B-9BE9CA88872C}.Debug|Any CPU.Build.0 = Debug|Any CPU
		{CD7BEC8F-3A72-400A-977B-9BE9CA88872C}.Release|Any CPU.ActiveCfg = Release|Any CPU
		{CD7BEC8F-3A72-400A-977B-9BE9CA88872C}.Release|Any CPU.Build.0 = Release|Any CPU
		{2904C236-0058-4AC7-8399-F9FB62CC53A8}.Debug|Any CPU.ActiveCfg = Debug|Any CPU
		{2904C236-0058-4AC7-8399-F9FB62CC53A8}.Debug|Any CPU.Build.0 = Debug|Any CPU
		{2904C236-0058-4AC7-8399-F9FB62CC53A8}.Release|Any CPU.ActiveCfg = Release|Any CPU
		{2904C236-0058-4AC7-8399-F9FB62CC53A8}.Release|Any CPU.Build.0 = Release|Any CPU
		{D3122F95-0F1F-4C63-A303-C7FAB6D79338}.Debug|Any CPU.ActiveCfg = Debug|Any CPU
		{D3122F95-0F1F-4C63-A303-C7FAB6D79338}.Debug|Any CPU.Build.0 = Debug|Any CPU
		{D3122F95-0F1F-4C63-A303-C7FAB6D79338}.Release|Any CPU.ActiveCfg = Release|Any CPU
		{D3122F95-0F1F-4C63-A303-C7FAB6D79338}.Release|Any CPU.Build.0 = Release|Any CPU
		{335CF5A3-0902-4C51-BBC6-6EF63DADA63C}.Debug|Any CPU.ActiveCfg = Debug|Any CPU
		{335CF5A3-0902-4C51-BBC6-6EF63DADA63C}.Debug|Any CPU.Build.0 = Debug|Any CPU
		{335CF5A3-0902-4C51-BBC6-6EF63DADA63C}.Release|Any CPU.ActiveCfg = Release|Any CPU
		{335CF5A3-0902-4C51-BBC6-6EF63DADA63C}.Release|Any CPU.Build.0 = Release|Any CPU
		{6BF7700C-BCA6-407E-9671-6B80738C8890}.Debug|Any CPU.ActiveCfg = Debug|Any CPU
		{6BF7700C-BCA6-407E-9671-6B80738C8890}.Debug|Any CPU.Build.0 = Debug|Any CPU
		{6BF7700C-BCA6-407E-9671-6B80738C8890}.Release|Any CPU.ActiveCfg = Release|Any CPU
		{6BF7700C-BCA6-407E-9671-6B80738C8890}.Release|Any CPU.Build.0 = Release|Any CPU
	EndGlobalSection
	GlobalSection(SolutionProperties) = preSolution
		HideSolutionNode = FALSE
	EndGlobalSection
	GlobalSection(NestedProjects) = preSolution
		{BF0F48F6-EAEE-46B9-8256-AFB55B441EEA} = {42C0A8EB-2A96-4273-9063-D637809B2F29}
		{67A1C46E-98A3-467B-82E2-7548DD921CF7} = {E8CFB859-800C-4D12-8122-E38E87B7EB56}
		{9E040AC4-1EEF-467B-899C-353532650452} = {E8CFB859-800C-4D12-8122-E38E87B7EB56}
		{CD7BEC8F-3A72-400A-977B-9BE9CA88872C} = {E8CFB859-800C-4D12-8122-E38E87B7EB56}
		{2904C236-0058-4AC7-8399-F9FB62CC53A8} = {42C0A8EB-2A96-4273-9063-D637809B2F29}
		{D3122F95-0F1F-4C63-A303-C7FAB6D79338} = {42C0A8EB-2A96-4273-9063-D637809B2F29}
		{335CF5A3-0902-4C51-BBC6-6EF63DADA63C} = {42C0A8EB-2A96-4273-9063-D637809B2F29}
		{6BF7700C-BCA6-407E-9671-6B80738C8890} = {E8CFB859-800C-4D12-8122-E38E87B7EB56}
	EndGlobalSection
	GlobalSection(ExtensibilityGlobals) = postSolution
		SolutionGuid = {B880AE25-494A-4866-993A-BD2286680152}
	EndGlobalSection
EndGlobal
